
Microsoft Visual Studio Solution File, Format Version 12.00
# Visual Studio Version 17
VisualStudioVersion = 17.0.31903.59
MinimumVisualStudioVersion = 10.0.40219.1
Project("{FAE04EC0-301F-11D3-BF4B-00C04F79EFBC}") = "Api", "Api\Api.csproj", "{70C55256-BF0C-41C5-A290-4C1D493E3140}"
EndProject
Project("{FAE04EC0-301F-11D3-BF4B-00C04F79EFBC}") = "OAuth", "OAuth\OAuth.csproj", "{43B6B76E-E5A0-41DE-99AD-5A639B5E0F5C}"
EndProject
Project("{FAE04EC0-301F-11D3-BF4B-00C04F79EFBC}") = "Tenancy", "Tenancy\Tenancy.csproj", "{1A6C3FA9-57AD-476D-8392-AC2CBED5D049}"
EndProject
Project("{FAE04EC0-301F-11D3-BF4B-00C04F79EFBC}") = "Database", "Database\Database.csproj", "{FAC12EFA-99D2-4361-99F4-1AD15F9E2CF5}"
EndProject
Project("{FAE04EC0-301F-11D3-BF4B-00C04F79EFBC}") = "Api.Tests", "Api.Tests\Api.Tests.csproj", "{79B4E368-4193-4998-A863-7EA17C537EA0}"
EndProject
Global
	GlobalSection(SolutionConfigurationPlatforms) = preSolution
		Debug|Any CPU = Debug|Any CPU
		Release|Any CPU = Release|Any CPU
	EndGlobalSection
	GlobalSection(SolutionProperties) = preSolution
		HideSolutionNode = FALSE
	EndGlobalSection
	GlobalSection(ProjectConfigurationPlatforms) = postSolution
		{70C55256-BF0C-41C5-A290-4C1D493E3140}.Debug|Any CPU.ActiveCfg = Debug|Any CPU
		{70C55256-BF0C-41C5-A290-4C1D493E3140}.Debug|Any CPU.Build.0 = Debug|Any CPU
		{70C55256-BF0C-41C5-A290-4C1D493E3140}.Release|Any CPU.ActiveCfg = Release|Any CPU
		{70C55256-BF0C-41C5-A290-4C1D493E3140}.Release|Any CPU.Build.0 = Release|Any CPU
		{43B6B76E-E5A0-41DE-99AD-5A639B5E0F5C}.Debug|Any CPU.ActiveCfg = Debug|Any CPU
		{43B6B76E-E5A0-41DE-99AD-5A639B5E0F5C}.Debug|Any CPU.Build.0 = Debug|Any CPU
		{43B6B76E-E5A0-41DE-99AD-5A639B5E0F5C}.Release|Any CPU.ActiveCfg = Release|Any CPU
		{43B6B76E-E5A0-41DE-99AD-5A639B5E0F5C}.Release|Any CPU.Build.0 = Release|Any CPU
		{1A6C3FA9-57AD-476D-8392-AC2CBED5D049}.Debug|Any CPU.ActiveCfg = Debug|Any CPU
		{1A6C3FA9-57AD-476D-8392-AC2CBED5D049}.Debug|Any CPU.Build.0 = Debug|Any CPU
		{1A6C3FA9-57AD-476D-8392-AC2CBED5D049}.Release|Any CPU.ActiveCfg = Release|Any CPU
		{1A6C3FA9-57AD-476D-8392-AC2CBED5D049}.Release|Any CPU.Build.0 = Release|Any CPU
		{FAC12EFA-99D2-4361-99F4-1AD15F9E2CF5}.Debug|Any CPU.ActiveCfg = Debug|Any CPU
		{FAC12EFA-99D2-4361-99F4-1AD15F9E2CF5}.Debug|Any CPU.Build.0 = Debug|Any CPU
		{FAC12EFA-99D2-4361-99F4-1AD15F9E2CF5}.Release|Any CPU.ActiveCfg = Release|Any CPU
		{FAC12EFA-99D2-4361-99F4-1AD15F9E2CF5}.Release|Any CPU.Build.0 = Release|Any CPU
		{79B4E368-4193-4998-A863-7EA17C537EA0}.Debug|Any CPU.ActiveCfg = Debug|Any CPU
		{79B4E368-4193-4998-A863-7EA17C537EA0}.Debug|Any CPU.Build.0 = Debug|Any CPU
		{79B4E368-4193-4998-A863-7EA17C537EA0}.Release|Any CPU.ActiveCfg = Release|Any CPU
		{79B4E368-4193-4998-A863-7EA17C537EA0}.Release|Any CPU.Build.0 = Release|Any CPU
	EndGlobalSection
EndGlobal
